
Microsoft Visual Studio Solution File, Format Version 12.00
# Visual Studio Version 17
VisualStudioVersion = 17.8.34408.163
MinimumVisualStudioVersion = 10.0.40219.1
Project("{FAE04EC0-301F-11D3-BF4B-00C04F79EFBC}") = "JackyControlPlugin", "src\JackyControlPlugin.csproj", "{234DA10B-97AC-48EC-AE82-7C169D541A20}"
EndProject
Project("{2150E333-8FDC-42A3-9474-1A3956D46DE8}") = "Solution Items", "Solution Items", "{BD08438B-1C4A-4FFA-A856-D5285D570BB8}"
	ProjectSection(SolutionItems) = preProject
		.vscode\launch.json = .vscode\launch.json
		.vscode\tasks.json = .vscode\tasks.json
	EndProjectSection
EndProject
Project("{2150E333-8FDC-42A3-9474-1A3956D46DE8}") = "tests", "tests", "{517489D8-DB3F-47AB-85E6-73A86B86B0CF}"
EndProject
Project("{FAE04EC0-301F-11D3-BF4B-00C04F79EFBC}") = "JackyControlPlugin.Tests", "tests\JackyControlPlugin.Tests\JackyControlPlugin.Tests.csproj", "{04DB9000-EED9-41C7-85B1-E1E7C6ACDED1}"
EndProject
Global
	GlobalSection(SolutionConfigurationPlatforms) = preSolution
		Debug|Any CPU = Debug|Any CPU
		Release|Any CPU = Release|Any CPU
	EndGlobalSection
	GlobalSection(ProjectConfigurationPlatforms) = postSolution
		{234DA10B-97AC-48EC-AE82-7C169D541A20}.Debug|Any CPU.ActiveCfg = Debug|Any CPU
		{234DA10B-97AC-48EC-AE82-7C169D541A20}.Debug|Any CPU.Build.0 = Debug|Any CPU
		{234DA10B-97AC-48EC-AE82-7C169D541A20}.Release|Any CPU.ActiveCfg = Release|Any CPU
		{234DA10B-97AC-48EC-AE82-7C169D541A20}.Release|Any CPU.Build.0 = Release|Any CPU
		{04DB9000-EED9-41C7-85B1-E1E7C6ACDED1}.Debug|Any CPU.ActiveCfg = Debug|Any CPU
		{04DB9000-EED9-41C7-85B1-E1E7C6ACDED1}.Debug|Any CPU.Build.0 = Debug|Any CPU
		{04DB9000-EED9-41C7-85B1-E1E7C6ACDED1}.Release|Any CPU.ActiveCfg = Release|Any CPU
		{04DB9000-EED9-41C7-85B1-E1E7C6ACDED1}.Release|Any CPU.Build.0 = Release|Any CPU
	EndGlobalSection
	GlobalSection(SolutionProperties) = preSolution
		HideSolutionNode = FALSE
	EndGlobalSection
	GlobalSection(ExtensibilityGlobals) = postSolution
		SolutionGuid = {35E1990A-59A3-476D-9659-B31302621920}
	EndGlobalSection
	GlobalSection(NestedProjects) = preSolution
		{04DB9000-EED9-41C7-85B1-E1E7C6ACDED1} = {517489D8-DB3F-47AB-85E6-73A86B86B0CF}
	EndGlobalSection
EndGlobal
